
Microsoft Visual Studio Solution File, Format Version 12.00
# Visual Studio Version 16
VisualStudioVersion = 16.0.29519.181
MinimumVisualStudioVersion = 10.0.40219.1
Project("{FAE04EC0-301F-11D3-BF4B-00C04F79EFBC}") = "HangChart", "HangChart\HangChart.csproj", "{E765D355-7B52-4953-B57B-93C4395B05C2}"
EndProject
Global
	GlobalSection(SolutionConfigurationPlatforms) = preSolution
		Debug|Any CPU = Debug|Any CPU
		Release|Any CPU = Release|Any CPU
	EndGlobalSection
	GlobalSection(ProjectConfigurationPlatforms) = postSolution
		{E765D355-7B52-4953-B57B-93C4395B05C2}.Debug|Any CPU.ActiveCfg = Debug|Any CPU
		{E765D355-7B52-4953-B57B-93C4395B05C2}.Debug|Any CPU.Build.0 = Debug|Any CPU
		{E765D355-7B52-4953-B57B-93C4395B05C2}.Release|Any CPU.ActiveCfg = Release|Any CPU
		{E765D355-7B52-4953-B57B-93C4395B05C2}.Release|Any CPU.Build.0 = Release|Any CPU
	EndGlobalSection
	GlobalSection(SolutionProperties) = preSolution
		HideSolutionNode = FALSE
	EndGlobalSection
	GlobalSection(ExtensibilityGlobals) = postSolution
		SolutionGuid = {42BC5375-DDC7-4BC8-A980-AB71AAD02B74}
	EndGlobalSection
EndGlobal
